
Microsoft Visual Studio Solution File, Format Version 12.00
# Visual Studio Version 16
VisualStudioVersion = 16.0.31702.278
MinimumVisualStudioVersion = 10.0.40219.1
Project("{FAE04EC0-301F-11D3-BF4B-00C04F79EFBC}") = "FwRulesRepair", "FwRulesRepair.csproj", "{A1CC80EC-7A14-4D47-9109-486F8B3F6B04}"
EndProject
Project("{FAE04EC0-301F-11D3-BF4B-00C04F79EFBC}") = "FwRulesTU", "..\FwRulesTU\FwRulesTU.csproj", "{37B73D4B-7643-4A38-A347-BEB7B63EB427}"
EndProject
Global
	GlobalSection(SolutionConfigurationPlatforms) = preSolution
		Debug|Any CPU = Debug|Any CPU
		Release|Any CPU = Release|Any CPU
	EndGlobalSection
	GlobalSection(ProjectConfigurationPlatforms) = postSolution
		{A1CC80EC-7A14-4D47-9109-486F8B3F6B04}.Debug|Any CPU.ActiveCfg = Debug|Any CPU
		{A1CC80EC-7A14-4D47-9109-486F8B3F6B04}.Debug|Any CPU.Build.0 = Debug|Any CPU
		{A1CC80EC-7A14-4D47-9109-486F8B3F6B04}.Release|Any CPU.ActiveCfg = Release|Any CPU
		{A1CC80EC-7A14-4D47-9109-486F8B3F6B04}.Release|Any CPU.Build.0 = Release|Any CPU
		{37B73D4B-7643-4A38-A347-BEB7B63EB427}.Debug|Any CPU.ActiveCfg = Debug|Any CPU
		{37B73D4B-7643-4A38-A347-BEB7B63EB427}.Debug|Any CPU.Build.0 = Debug|Any CPU
		{37B73D4B-7643-4A38-A347-BEB7B63EB427}.Release|Any CPU.ActiveCfg = Release|Any CPU
		{37B73D4B-7643-4A38-A347-BEB7B63EB427}.Release|Any CPU.Build.0 = Release|Any CPU
	EndGlobalSection
	GlobalSection(SolutionProperties) = preSolution
		HideSolutionNode = FALSE
	EndGlobalSection
	GlobalSection(ExtensibilityGlobals) = postSolution
		SolutionGuid = {9705E5A3-92B9-4625-B9CA-3A1CB4CA8EE0}
	EndGlobalSection
EndGlobal
